
Microsoft Visual Studio Solution File, Format Version 12.00
# Visual Studio Version 17
VisualStudioVersion = 17.1.32210.238
MinimumVisualStudioVersion = 10.0.40219.1
Project("{FAE04EC0-301F-11D3-BF4B-00C04F79EFBC}") = "WindowsFormsApp_arduino", "WindowsFormsApp_arduino.csproj", "{31CBCFBD-88FA-4EE1-8F37-1F8F534E03D9}"
EndProject
Global
	GlobalSection(SolutionConfigurationPlatforms) = preSolution
		Debug|Any CPU = Debug|Any CPU
		Release|Any CPU = Release|Any CPU
	EndGlobalSection
	GlobalSection(ProjectConfigurationPlatforms) = postSolution
		{31CBCFBD-88FA-4EE1-8F37-1F8F534E03D9}.Debug|Any CPU.ActiveCfg = Debug|Any CPU
		{31CBCFBD-88FA-4EE1-8F37-1F8F534E03D9}.Debug|Any CPU.Build.0 = Debug|Any CPU
		{31CBCFBD-88FA-4EE1-8F37-1F8F534E03D9}.Release|Any CPU.ActiveCfg = Release|Any CPU
		{31CBCFBD-88FA-4EE1-8F37-1F8F534E03D9}.Release|Any CPU.Build.0 = Release|Any CPU
	EndGlobalSection
	GlobalSection(SolutionProperties) = preSolution
		HideSolutionNode = FALSE
	EndGlobalSection
	GlobalSection(ExtensibilityGlobals) = postSolution
		SolutionGuid = {BE1FA782-D4C4-4062-9D99-23894BD11C6C}
	EndGlobalSection
EndGlobal
