
Microsoft Visual Studio Solution File, Format Version 12.00
# Visual Studio Version 16
VisualStudioVersion = 16.0.32630.194
MinimumVisualStudioVersion = 10.0.40219.1
Project("{FAE04EC0-301F-11D3-BF4B-00C04F79EFBC}") = "Calculator", "Calculator\Calculator.csproj", "{89F78B91-A146-47B5-80C7-D864B10C43DD}"
EndProject
Global
	GlobalSection(SolutionConfigurationPlatforms) = preSolution
		Debug|Any CPU = Debug|Any CPU
		Release|Any CPU = Release|Any CPU
	EndGlobalSection
	GlobalSection(ProjectConfigurationPlatforms) = postSolution
		{89F78B91-A146-47B5-80C7-D864B10C43DD}.Debug|Any CPU.ActiveCfg = Debug|Any CPU
		{89F78B91-A146-47B5-80C7-D864B10C43DD}.Debug|Any CPU.Build.0 = Debug|Any CPU
		{89F78B91-A146-47B5-80C7-D864B10C43DD}.Release|Any CPU.ActiveCfg = Release|Any CPU
		{89F78B91-A146-47B5-80C7-D864B10C43DD}.Release|Any CPU.Build.0 = Release|Any CPU
	EndGlobalSection
	GlobalSection(SolutionProperties) = preSolution
		HideSolutionNode = FALSE
	EndGlobalSection
	GlobalSection(ExtensibilityGlobals) = postSolution
		SolutionGuid = {E0E0AF66-975F-419F-ADFB-950EBB9A7DDF}
	EndGlobalSection
EndGlobal
